// !$*UTF8*$!
{
	archiveVersion = 1;
	classes = {
	};
	objectVersion = 48;
	objects = {

/* Begin PBXBuildFile section */
		F53BAF2620443835006EFA32 /* AppDelegate.swift in Sources */ = {isa = PBXBuildFile; fileRef = F53BAF2520443835006EFA32 /* AppDelegate.swift */; };
		F53BAF2820443835006EFA32 /* ViewController.swift in Sources */ = {isa = PBXBuildFile; fileRef = F53BAF2720443835006EFA32 /* ViewController.swift */; };
		F53BAF2B20443835006EFA32 /* Main.storyboard in Resources */ = {isa = PBXBuildFile; fileRef = F53BAF2920443835006EFA32 /* Main.storyboard */; };
		F53BAF2D20443835006EFA32 /* Assets.xcassets in Resources */ = {isa = PBXBuildFile; fileRef = F53BAF2C20443835006EFA32 /* Assets.xcassets */; };
		F53BAF3020443835006EFA32 /* LaunchScreen.storyboard in Resources */ = {isa = PBXBuildFile; fileRef = F53BAF2E20443835006EFA32 /* LaunchScreen.storyboard */; };
/* End PBXBuildFile section */

/* Begin PBXFileReference section */
		F53BAF2220443835006EFA32 /* Clase_27_NSDate_Tarea_1.app */ = {isa = PBXFileReference; explicitFileType = wrapper.application; includeInIndex = 0; path = Clase_27_NSDate_Tarea_1.app; sourceTree = BUILT_PRODUCTS_DIR; };
		F53BAF2520443835006EFA32 /* AppDelegate.swift */ = {isa = PBXFileReference; lastKnownFileType = sourcecode.swift; path = AppDelegate.swift; sourceTree = "<group>"; };
		F53BAF2720443835006EFA32 /* ViewController.swift */ = {isa = PBXFileReference; lastKnownFileType = sourcecode.swift; path = ViewController.swift; sourceTree = "<group>"; };
		F53BAF2A20443835006EFA32 /* Base */ = {isa = PBXFileReference; lastKnownFileType = file.storyboard; name = Base; path = Base.lproj/Main.storyboard; sourceTree = "<group>"; };
		F53BAF2C20443835006EFA32 /* Assets.xcassets */ = {isa = PBXFileReference; lastKnownFileType = folder.assetcatalog; path = Assets.xcassets; sourceTree = "<group>"; };
		F53BAF2F20443835006EFA32 /* Base */ = {isa = PBXFileReference; lastKnownFileType = file.storyboard; name = Base; path = Base.lproj/LaunchScreen.storyboard; sourceTree = "<group>"; };
		F53BAF3120443835006EFA32 /* Info.plist */ = {isa = PBXFileReference; lastKnownFileType = text.plist.xml; path = Info.plist; sourceTree = "<group>"; };
/* End PBXFileReference section */

/* Begin PBXFrameworksBuildPhase section */
		F53BAF1F20443835006EFA32 /* Frameworks */ = {
			isa = PBXFrameworksBuildPhase;
			buildActionMask = 2147483647;
			files = (
			);
			runOnlyForDeploymentPostprocessing = 0;
		};
/* End PBXFrameworksBuildPhase section */

/* Begin PBXGroup section */
		F53BAF1920443835006EFA32 = {
			isa = PBXGroup;
			children = (
				F53BAF2420443835006EFA32 /* Clase_27_NSDate_Tarea_1 */,
				F53BAF2320443835006EFA32 /* Products */,
			);
			sourceTree = "<group>";
		};
		F53BAF2320443835006EFA32 /* Products */ = {
			isa = PBXGroup;
			children = (
				F53BAF2220443835006EFA32 /* Clase_27_NSDate_Tarea_1.app */,
			);
			name = Products;
			sourceTree = "<group>";
		};
		F53BAF2420443835006EFA32 /* Clase_27_NSDate_Tarea_1 */ = {
			isa = PBXGroup;
			children = (
				F53BAF2520443835006EFA32 /* AppDelegate.swift */,
				F53BAF2720443835006EFA32 /* ViewController.swift */,
				F53BAF2920443835006EFA32 /* Main.storyboard */,
				F53BAF2C20443835006EFA32 /* Assets.xcassets */,
				F53BAF2E20443835006EFA32 /* LaunchScreen.storyboard */,
				F53BAF3120443835006EFA32 /* Info.plist */,
			);
			path = Clase_27_NSDate_Tarea_1;
			sourceTree = "<group>";
		};
/* End PBXGroup section */

/* Begin PBXNativeTarget section */
		F53BAF2120443835006EFA32 /* Clase_27_NSDate_Tarea_1 */ = {
			isa = PBXNativeTarget;
			buildConfigurationList = F53BAF3420443835006EFA32 /* Build configuration list for PBXNativeTarget "Clase_27_NSDate_Tarea_1" */;
			buildPhases = (
				F53BAF1E20443835006EFA32 /* Sources */,
				F53BAF1F20443835006EFA32 /* Frameworks */,
				F53BAF2020443835006EFA32 /* Resources */,
			);
			buildRules = (
			);
			dependencies = (
			);
			name = Clase_27_NSDate_Tarea_1;
			productName = Clase_27_NSDate_Tarea_1;
			productReference = F53BAF2220443835006EFA32 /* Clase_27_NSDate_Tarea_1.app */;
			productType = "com.apple.product-type.application";
		};
/* End PBXNativeTarget section */

/* Begin PBXProject section */
		F53BAF1A20443835006EFA32 /* Project object */ = {
			isa = PBXProject;
			attributes = {
				LastSwiftUpdateCheck = 0920;
				LastUpgradeCheck = 0920;
				ORGANIZATIONNAME = "Juan Garcia Montalvillo";
				TargetAttributes = {
					F53BAF2120443835006EFA32 = {
						CreatedOnToolsVersion = 9.2;
						ProvisioningStyle = Automatic;
					};
				};
			};
			buildConfigurationList = F53BAF1D20443835006EFA32 /* Build configuration list for PBXProject "Clase_27_NSDate_Tarea_1" */;
			compatibilityVersion = "Xcode 8.0";
			developmentRegion = en;
			hasScannedForEncodings = 0;
			knownRegions = (
				en,
				Base,
			);
			mainGroup = F53BAF1920443835006EFA32;
			productRefGroup = F53BAF2320443835006EFA32 /* Products */;
			projectDirPath = "";
			projectRoot = "";
			targets = (
				F53BAF2120443835006EFA32 /* Clase_27_NSDate_Tarea_1 */,
			);
		};
/* End PBXProject section */

/* Begin PBXResourcesBuildPhase section */
		F53BAF2020443835006EFA32 /* Resources */ = {
			isa = PBXResourcesBuildPhase;
			buildActionMask = 2147483647;
			files = (
				F53BAF3020443835006EFA32 /* LaunchScreen.storyboard in Resources */,
				F53BAF2D20443835006EFA32 /* Assets.xcassets in Resources */,
				F53BAF2B20443835006EFA32 /* Main.storyboard in Resources */,
			);
			runOnlyForDeploymentPostprocessing = 0;
		};
/* End PBXResourcesBuildPhase section */

/* Begin PBXSourcesBuildPhase section */
		F53BAF1E20443835006EFA32 /* Sources */ = {
			isa = PBXSourcesBuildPhase;
			buildActionMask = 2147483647;
			files = (
				F53BAF2820443835006EFA32 /* ViewController.swift in Sources */,
				F53BAF2620443835006EFA32 /* AppDelegate.swift in Sources */,
			);
			runOnlyForDeploymentPostprocessing = 0;
		};
/* End PBXSourcesBuildPhase section */

/* Begin PBXVariantGroup section */
		F53BAF2920443835006EFA32 /* Main.storyboard */ = {
			isa = PBXVariantGroup;
			children = (
				F53BAF2A20443835006EFA32 /* Base */,
			);
			name = Main.storyboard;
			sourceTree = "<group>";
		};
		F53BAF2E20443835006EFA32 /* LaunchScreen.storyboard */ = {
			isa = PBXVariantGroup;
			children = (
				F53BAF2F20443835006EFA32 /* Base */,
			);
			name = LaunchScreen.storyboard;
			sourceTree = "<group>";
		};
/* End PBXVariantGroup section */

/* Begin XCBuildConfiguration section */
		F53BAF3220443835006EFA32 /* Debug */ = {
			isa = XCBuildConfiguration;
			buildSettings = {
				ALWAYS_SEARCH_USER_PATHS = NO;
				CLANG_ANALYZER_NONNULL = YES;
				CLANG_ANALYZER_NUMBER_OBJECT_CONVERSION = YES_AGGRESSIVE;
				CLANG_CXX_LANGUAGE_STANDARD = "gnu++14";
				CLANG_CXX_LIBRARY = "libc++";
				CLANG_ENABLE_MODULES = YES;
				CLANG_ENABLE_OBJC_ARC = YES;
				CLANG_WARN_BLOCK_CAPTURE_AUTORELEASING = YES;
				CLANG_WARN_BOOL_CONVERSION = YES;
				CLANG_WARN_COMMA = YES;
				CLANG_WARN_CONSTANT_CONVERSION = YES;
				CLANG_WARN_DIRECT_OBJC_ISA_USAGE = YES_ERROR;
				CLANG_WARN_DOCUMENTATION_COMMENTS = YES;
				CLANG_WARN_EMPTY_BODY = YES;
				CLANG_WARN_ENUM_CONVERSION = YES;
				CLANG_WARN_INFINITE_RECURSION = YES;
				CLANG_WARN_INT_CONVERSION = YES;
				CLANG_WARN_NON_LITERAL_NULL_CONVERSION = YES;
				CLANG_WARN_OBJC_LITERAL_CONVERSION = YES;
				CLANG_WARN_OBJC_ROOT_CLASS = YES_ERROR;
				CLANG_WARN_RANGE_LOOP_ANALYSIS = YES;
				CLANG_WARN_STRICT_PROTOTYPES = YES;
				CLANG_WARN_SUSPICIOUS_MOVE = YES;
				CLANG_WARN_UNGUARDED_AVAILABILITY = YES_AGGRESSIVE;
				CLANG_WARN_UNREACHABLE_CODE = YES;
				CLANG_WARN__DUPLICATE_METHOD_MATCH = YES;
				CODE_SIGN_IDENTITY = "iPhone Developer";
				COPY_PHASE_STRIP = NO;
				DEBUG_INFORMATION_FORMAT = dwarf;
				ENABLE_STRICT_OBJC_MSGSEND = YES;
				ENABLE_TESTABILITY = YES;
				GCC_C_LANGUAGE_STANDARD = gnu11;
				GCC_DYNAMIC_NO_PIC = NO;
				GCC_NO_COMMON_BLOCKS = YES;
				GCC_OPTIMIZATION_LEVEL = 0;
				GCC_PREPROCESSOR_DEFINITIONS = (
					"DEBUG=1",
					"$(inherited)",
				);
				GCC_WARN_64_TO_32_BIT_CONVERSION = YES;
				GCC_WARN_ABOUT_RETURN_TYPE = YES_ERROR;
				GCC_WARN_UNDECLARED_SELECTOR = YES;
				GCC_WARN_UNINITIALIZED_AUTOS = YES_AGGRESSIVE;
				GCC_WARN_UNUSED_FUNCTION = YES;
				GCC_WARN_UNUSED_VARIABLE = YES;
				IPHONEOS_DEPLOYMENT_TARGET = 11.2;
				MTL_ENABLE_DEBUG_INFO = YES;
				ONLY_ACTIVE_ARCH = YES;
				SDKROOT = iphoneos;
				SWIFT_ACTIVE_COMPILATION_CONDITIONS = DEBUG;
				SWIFT_OPTIMIZATION_LEVEL = "-Onone";
			};
			name = Debug;
		};
		F53BAF3320443835006EFA32 /* Release */ = {
			isa = XCBuildConfiguration;
			buildSettings = {
				ALWAYS_SEARCH_USER_PATHS = NO;
				CLANG_ANALYZER_NONNULL = YES;
				CLANG_ANALYZER_NUMBER_OBJECT_CONVERSION = YES_AGGRESSIVE;
				CLANG_CXX_LANGUAGE_STANDARD = "gnu++14";
				CLANG_CXX_LIBRARY = "libc++";
				CLANG_ENABLE_MODULES = YES;
				CLANG_ENABLE_OBJC_ARC = YES;
				CLANG_WARN_BLOCK_CAPTURE_AUTORELEASING = YES;
				CLANG_WARN_BOOL_CONVERSION = YES;
				CLANG_WARN_COMMA = YES;
				CLANG_WARN_CONSTANT_CONVERSION = YES;
				CLANG_WARN_DIRECT_OBJC_ISA_USAGE = YES_ERROR;
				CLANG_WARN_DOCUMENTATION_COMMENTS = YES;
				CLANG_WARN_EMPTY_BODY = YES;
				CLANG_WARN_ENUM_CONVERSION = YES;
				CLANG_WARN_INFINITE_RECURSION = YES;
				CLANG_WARN_INT_CONVERSION = YES;
				CLANG_WARN_NON_LITERAL_NULL_CONVERSION = YES;
				CLANG_WARN_OBJC_LITERAL_CONVERSION = YES;
				CLANG_WARN_OBJC_ROOT_CLASS = YES_ERROR;
				CLANG_WARN_RANGE_LOOP_ANALYSIS = YES;
				CLANG_WARN_STRICT_PROTOTYPES = YES;
				CLANG_WARN_SUSPICIOUS_MOVE = YES;
				CLANG_WARN_UNGUARDED_AVAILABILITY = YES_AGGRESSIVE;
				CLANG_WARN_UNREACHABLE_CODE = YES;
				CLANG_WARN__DUPLICATE_METHOD_MATCH = YES;
				CODE_SIGN_IDENTITY = "iPhone Developer";
				COPY_PHASE_STRIP = NO;
				DEBUG_INFORMATION_FORMAT = "dwarf-with-dsym";
				ENABLE_NS_ASSERTIONS = NO;
				ENABLE_STRICT_OBJC_MSGSEND = YES;
				GCC_C_LANGUAGE_STANDARD = gnu11;
				GCC_NO_COMMON_BLOCKS = YES;
				GCC_WARN_64_TO_32_BIT_CONVERSION = YES;
				GCC_WARN_ABOUT_RETURN_TYPE = YES_ERROR;
				GCC_WARN_UNDECLARED_SELECTOR = YES;
				GCC_WARN_UNINITIALIZED_AUTOS = YES_AGGRESSIVE;
				GCC_WARN_UNUSED_FUNCTION = YES;
				GCC_WARN_UNUSED_VARIABLE = YES;
				IPHONEOS_DEPLOYMENT_TARGET = 11.2;
				MTL_ENABLE_DEBUG_INFO = NO;
				SDKROOT = iphoneos;
				SWIFT_OPTIMIZATION_LEVEL = "-Owholemodule";
				VALIDATE_PRODUCT = YES;
			};
			name = Release;
		};
		F53BAF3520443835006EFA32 /* Debug */ = {
			isa = XCBuildConfiguration;
			buildSettings = {
				ASSETCATALOG_COMPILER_APPICON_NAME = AppIcon;
				CODE_SIGN_STYLE = Automatic;
				INFOPLIST_FILE = Clase_27_NSDate_Tarea_1/Info.plist;
				LD_RUNPATH_SEARCH_PATHS = "$(inherited) @executable_path/Frameworks";
				PRODUCT_BUNDLE_IDENTIFIER = "Juanito.Clase-27-NSDate-Tarea-1";
				PRODUCT_NAME = "$(TARGET_NAME)";
				SWIFT_VERSION = 4.0;
				TARGETED_DEVICE_FAMILY = "1,2";
			};
			name = Debug;
		};
		F53BAF3620443835006EFA32 /* Release */ = {
			isa = XCBuildConfiguration;
			buildSettings = {
				ASSETCATALOG_COMPILER_APPICON_NAME = AppIcon;
				CODE_SIGN_STYLE = Automatic;
				INFOPLIST_FILE = Clase_27_NSDate_Tarea_1/Info.plist;
				LD_RUNPATH_SEARCH_PATHS = "$(inherited) @executable_path/Frameworks";
				PRODUCT_BUNDLE_IDENTIFIER = "Juanito.Clase-27-NSDate-Tarea-1";
				PRODUCT_NAME = "$(TARGET_NAME)";
				SWIFT_VERSION = 4.0;
				TARGETED_DEVICE_FAMILY = "1,2";
			};
			name = Release;
		};
/* End XCBuildConfiguration section */

/* Begin XCConfigurationList section */
		F53BAF1D20443835006EFA32 /* Build configuration list for PBXProject "Clase_27_NSDate_Tarea_1" */ = {
			isa = XCConfigurationList;
			buildConfigurations = (
				F53BAF3220443835006EFA32 /* Debug */,
				F53BAF3320443835006EFA32 /* Release */,
			);
			defaultConfigurationIsVisible = 0;
			defaultConfigurationName = Release;
		};
		F53BAF3420443835006EFA32 /* Build configuration list for PBXNativeTarget "Clase_27_NSDate_Tarea_1" */ = {
			isa = XCConfigurationList;
			buildConfigurations = (
				F53BAF3520443835006EFA32 /* Debug */,
				F53BAF3620443835006EFA32 /* Release */,
			);
			defaultConfigurationIsVisible = 0;
			defaultConfigurationName = Release;
		};
/* End XCConfigurationList section */
	};
	rootObject = F53BAF1A20443835006EFA32 /* Project object */;
}
