// !$*UTF8*$!
{
	archiveVersion = 1;
	classes = {
	};
	objectVersion = 48;
	objects = {

/* Begin PBXBuildFile section */
		F585B28B205EF80B003A81EE /* AppDelegate.swift in Sources */ = {isa = PBXBuildFile; fileRef = F585B28A205EF80B003A81EE /* AppDelegate.swift */; };
		F585B28D205EF80B003A81EE /* ViewController.swift in Sources */ = {isa = PBXBuildFile; fileRef = F585B28C205EF80B003A81EE /* ViewController.swift */; };
		F585B290205EF80B003A81EE /* Main.storyboard in Resources */ = {isa = PBXBuildFile; fileRef = F585B28E205EF80B003A81EE /* Main.storyboard */; };
		F585B292205EF80B003A81EE /* Assets.xcassets in Resources */ = {isa = PBXBuildFile; fileRef = F585B291205EF80B003A81EE /* Assets.xcassets */; };
		F585B295205EF80B003A81EE /* LaunchScreen.storyboard in Resources */ = {isa = PBXBuildFile; fileRef = F585B293205EF80B003A81EE /* LaunchScreen.storyboard */; };
		F585B2A3205EF900003A81EE /* Lobotomy.mp3 in Resources */ = {isa = PBXBuildFile; fileRef = F585B29D205EF900003A81EE /* Lobotomy.mp3 */; };
		F585B2A4205EF900003A81EE /* Bonzo_Goes_To_Bitburg.mp3 in Resources */ = {isa = PBXBuildFile; fileRef = F585B29E205EF900003A81EE /* Bonzo_Goes_To_Bitburg.mp3 */; };
		F585B2A5205EF900003A81EE /* Pinhead.mp3 in Resources */ = {isa = PBXBuildFile; fileRef = F585B29F205EF900003A81EE /* Pinhead.mp3 */; };
		F585B2A6205EF900003A81EE /* Something_To_Believe.mp3 in Resources */ = {isa = PBXBuildFile; fileRef = F585B2A0205EF900003A81EE /* Something_To_Believe.mp3 */; };
		F585B2A7205EF900003A81EE /* Remember_Rock_And_Roll_Radio.mp3 in Resources */ = {isa = PBXBuildFile; fileRef = F585B2A1205EF900003A81EE /* Remember_Rock_And_Roll_Radio.mp3 */; };
		F585B2A8205EF900003A81EE /* I_Wanna_Be_Sedated.mp3 in Resources */ = {isa = PBXBuildFile; fileRef = F585B2A2205EF900003A81EE /* I_Wanna_Be_Sedated.mp3 */; };
/* End PBXBuildFile section */

/* Begin PBXFileReference section */
		F585B287205EF80B003A81EE /* Clase_28_AVFoundation_Tarea_2.app */ = {isa = PBXFileReference; explicitFileType = wrapper.application; includeInIndex = 0; path = Clase_28_AVFoundation_Tarea_2.app; sourceTree = BUILT_PRODUCTS_DIR; };
		F585B28A205EF80B003A81EE /* AppDelegate.swift */ = {isa = PBXFileReference; lastKnownFileType = sourcecode.swift; path = AppDelegate.swift; sourceTree = "<group>"; };
		F585B28C205EF80B003A81EE /* ViewController.swift */ = {isa = PBXFileReference; lastKnownFileType = sourcecode.swift; path = ViewController.swift; sourceTree = "<group>"; };
		F585B28F205EF80B003A81EE /* Base */ = {isa = PBXFileReference; lastKnownFileType = file.storyboard; name = Base; path = Base.lproj/Main.storyboard; sourceTree = "<group>"; };
		F585B291205EF80B003A81EE /* Assets.xcassets */ = {isa = PBXFileReference; lastKnownFileType = folder.assetcatalog; path = Assets.xcassets; sourceTree = "<group>"; };
		F585B294205EF80B003A81EE /* Base */ = {isa = PBXFileReference; lastKnownFileType = file.storyboard; name = Base; path = Base.lproj/LaunchScreen.storyboard; sourceTree = "<group>"; };
		F585B296205EF80B003A81EE /* Info.plist */ = {isa = PBXFileReference; lastKnownFileType = text.plist.xml; path = Info.plist; sourceTree = "<group>"; };
		F585B29D205EF900003A81EE /* Lobotomy.mp3 */ = {isa = PBXFileReference; lastKnownFileType = audio.mp3; path = Lobotomy.mp3; sourceTree = "<group>"; };
		F585B29E205EF900003A81EE /* Bonzo_Goes_To_Bitburg.mp3 */ = {isa = PBXFileReference; lastKnownFileType = audio.mp3; path = Bonzo_Goes_To_Bitburg.mp3; sourceTree = "<group>"; };
		F585B29F205EF900003A81EE /* Pinhead.mp3 */ = {isa = PBXFileReference; lastKnownFileType = audio.mp3; path = Pinhead.mp3; sourceTree = "<group>"; };
		F585B2A0205EF900003A81EE /* Something_To_Believe.mp3 */ = {isa = PBXFileReference; lastKnownFileType = audio.mp3; path = Something_To_Believe.mp3; sourceTree = "<group>"; };
		F585B2A1205EF900003A81EE /* Remember_Rock_And_Roll_Radio.mp3 */ = {isa = PBXFileReference; lastKnownFileType = audio.mp3; path = Remember_Rock_And_Roll_Radio.mp3; sourceTree = "<group>"; };
		F585B2A2205EF900003A81EE /* I_Wanna_Be_Sedated.mp3 */ = {isa = PBXFileReference; lastKnownFileType = audio.mp3; path = I_Wanna_Be_Sedated.mp3; sourceTree = "<group>"; };
/* End PBXFileReference section */

/* Begin PBXFrameworksBuildPhase section */
		F585B284205EF80A003A81EE /* Frameworks */ = {
			isa = PBXFrameworksBuildPhase;
			buildActionMask = 2147483647;
			files = (
			);
			runOnlyForDeploymentPostprocessing = 0;
		};
/* End PBXFrameworksBuildPhase section */

/* Begin PBXGroup section */
		F585B27E205EF80A003A81EE = {
			isa = PBXGroup;
			children = (
				F585B289205EF80B003A81EE /* Clase_28_AVFoundation_Tarea_2 */,
				F585B288205EF80B003A81EE /* Products */,
			);
			sourceTree = "<group>";
		};
		F585B288205EF80B003A81EE /* Products */ = {
			isa = PBXGroup;
			children = (
				F585B287205EF80B003A81EE /* Clase_28_AVFoundation_Tarea_2.app */,
			);
			name = Products;
			sourceTree = "<group>";
		};
		F585B289205EF80B003A81EE /* Clase_28_AVFoundation_Tarea_2 */ = {
			isa = PBXGroup;
			children = (
				F585B28A205EF80B003A81EE /* AppDelegate.swift */,
				F585B28C205EF80B003A81EE /* ViewController.swift */,
				F585B28E205EF80B003A81EE /* Main.storyboard */,
				F585B291205EF80B003A81EE /* Assets.xcassets */,
				F585B29C205EF900003A81EE /* ListaCanciones */,
				F585B293205EF80B003A81EE /* LaunchScreen.storyboard */,
				F585B296205EF80B003A81EE /* Info.plist */,
			);
			path = Clase_28_AVFoundation_Tarea_2;
			sourceTree = "<group>";
		};
		F585B29C205EF900003A81EE /* ListaCanciones */ = {
			isa = PBXGroup;
			children = (
				F585B29D205EF900003A81EE /* Lobotomy.mp3 */,
				F585B29E205EF900003A81EE /* Bonzo_Goes_To_Bitburg.mp3 */,
				F585B29F205EF900003A81EE /* Pinhead.mp3 */,
				F585B2A0205EF900003A81EE /* Something_To_Believe.mp3 */,
				F585B2A1205EF900003A81EE /* Remember_Rock_And_Roll_Radio.mp3 */,
				F585B2A2205EF900003A81EE /* I_Wanna_Be_Sedated.mp3 */,
			);
			path = ListaCanciones;
			sourceTree = "<group>";
		};
/* End PBXGroup section */

/* Begin PBXNativeTarget section */
		F585B286205EF80A003A81EE /* Clase_28_AVFoundation_Tarea_2 */ = {
			isa = PBXNativeTarget;
			buildConfigurationList = F585B299205EF80B003A81EE /* Build configuration list for PBXNativeTarget "Clase_28_AVFoundation_Tarea_2" */;
			buildPhases = (
				F585B283205EF80A003A81EE /* Sources */,
				F585B284205EF80A003A81EE /* Frameworks */,
				F585B285205EF80A003A81EE /* Resources */,
			);
			buildRules = (
			);
			dependencies = (
			);
			name = Clase_28_AVFoundation_Tarea_2;
			productName = Clase_28_AVFoundation_Tarea_2;
			productReference = F585B287205EF80B003A81EE /* Clase_28_AVFoundation_Tarea_2.app */;
			productType = "com.apple.product-type.application";
		};
/* End PBXNativeTarget section */

/* Begin PBXProject section */
		F585B27F205EF80A003A81EE /* Project object */ = {
			isa = PBXProject;
			attributes = {
				LastSwiftUpdateCheck = 0920;
				LastUpgradeCheck = 0920;
				ORGANIZATIONNAME = "Juan Garcia Montalvillo";
				TargetAttributes = {
					F585B286205EF80A003A81EE = {
						CreatedOnToolsVersion = 9.2;
						ProvisioningStyle = Automatic;
					};
				};
			};
			buildConfigurationList = F585B282205EF80A003A81EE /* Build configuration list for PBXProject "Clase_28_AVFoundation_Tarea_2" */;
			compatibilityVersion = "Xcode 8.0";
			developmentRegion = en;
			hasScannedForEncodings = 0;
			knownRegions = (
				en,
				Base,
			);
			mainGroup = F585B27E205EF80A003A81EE;
			productRefGroup = F585B288205EF80B003A81EE /* Products */;
			projectDirPath = "";
			projectRoot = "";
			targets = (
				F585B286205EF80A003A81EE /* Clase_28_AVFoundation_Tarea_2 */,
			);
		};
/* End PBXProject section */

/* Begin PBXResourcesBuildPhase section */
		F585B285205EF80A003A81EE /* Resources */ = {
			isa = PBXResourcesBuildPhase;
			buildActionMask = 2147483647;
			files = (
				F585B295205EF80B003A81EE /* LaunchScreen.storyboard in Resources */,
				F585B2A8205EF900003A81EE /* I_Wanna_Be_Sedated.mp3 in Resources */,
				F585B292205EF80B003A81EE /* Assets.xcassets in Resources */,
				F585B2A4205EF900003A81EE /* Bonzo_Goes_To_Bitburg.mp3 in Resources */,
				F585B290205EF80B003A81EE /* Main.storyboard in Resources */,
				F585B2A5205EF900003A81EE /* Pinhead.mp3 in Resources */,
				F585B2A3205EF900003A81EE /* Lobotomy.mp3 in Resources */,
				F585B2A7205EF900003A81EE /* Remember_Rock_And_Roll_Radio.mp3 in Resources */,
				F585B2A6205EF900003A81EE /* Something_To_Believe.mp3 in Resources */,
			);
			runOnlyForDeploymentPostprocessing = 0;
		};
/* End PBXResourcesBuildPhase section */

/* Begin PBXSourcesBuildPhase section */
		F585B283205EF80A003A81EE /* Sources */ = {
			isa = PBXSourcesBuildPhase;
			buildActionMask = 2147483647;
			files = (
				F585B28D205EF80B003A81EE /* ViewController.swift in Sources */,
				F585B28B205EF80B003A81EE /* AppDelegate.swift in Sources */,
			);
			runOnlyForDeploymentPostprocessing = 0;
		};
/* End PBXSourcesBuildPhase section */

/* Begin PBXVariantGroup section */
		F585B28E205EF80B003A81EE /* Main.storyboard */ = {
			isa = PBXVariantGroup;
			children = (
				F585B28F205EF80B003A81EE /* Base */,
			);
			name = Main.storyboard;
			sourceTree = "<group>";
		};
		F585B293205EF80B003A81EE /* LaunchScreen.storyboard */ = {
			isa = PBXVariantGroup;
			children = (
				F585B294205EF80B003A81EE /* Base */,
			);
			name = LaunchScreen.storyboard;
			sourceTree = "<group>";
		};
/* End PBXVariantGroup section */

/* Begin XCBuildConfiguration section */
		F585B297205EF80B003A81EE /* Debug */ = {
			isa = XCBuildConfiguration;
			buildSettings = {
				ALWAYS_SEARCH_USER_PATHS = NO;
				CLANG_ANALYZER_NONNULL = YES;
				CLANG_ANALYZER_NUMBER_OBJECT_CONVERSION = YES_AGGRESSIVE;
				CLANG_CXX_LANGUAGE_STANDARD = "gnu++14";
				CLANG_CXX_LIBRARY = "libc++";
				CLANG_ENABLE_MODULES = YES;
				CLANG_ENABLE_OBJC_ARC = YES;
				CLANG_WARN_BLOCK_CAPTURE_AUTORELEASING = YES;
				CLANG_WARN_BOOL_CONVERSION = YES;
				CLANG_WARN_COMMA = YES;
				CLANG_WARN_CONSTANT_CONVERSION = YES;
				CLANG_WARN_DIRECT_OBJC_ISA_USAGE = YES_ERROR;
				CLANG_WARN_DOCUMENTATION_COMMENTS = YES;
				CLANG_WARN_EMPTY_BODY = YES;
				CLANG_WARN_ENUM_CONVERSION = YES;
				CLANG_WARN_INFINITE_RECURSION = YES;
				CLANG_WARN_INT_CONVERSION = YES;
				CLANG_WARN_NON_LITERAL_NULL_CONVERSION = YES;
				CLANG_WARN_OBJC_LITERAL_CONVERSION = YES;
				CLANG_WARN_OBJC_ROOT_CLASS = YES_ERROR;
				CLANG_WARN_RANGE_LOOP_ANALYSIS = YES;
				CLANG_WARN_STRICT_PROTOTYPES = YES;
				CLANG_WARN_SUSPICIOUS_MOVE = YES;
				CLANG_WARN_UNGUARDED_AVAILABILITY = YES_AGGRESSIVE;
				CLANG_WARN_UNREACHABLE_CODE = YES;
				CLANG_WARN__DUPLICATE_METHOD_MATCH = YES;
				CODE_SIGN_IDENTITY = "iPhone Developer";
				COPY_PHASE_STRIP = NO;
				DEBUG_INFORMATION_FORMAT = dwarf;
				ENABLE_STRICT_OBJC_MSGSEND = YES;
				ENABLE_TESTABILITY = YES;
				GCC_C_LANGUAGE_STANDARD = gnu11;
				GCC_DYNAMIC_NO_PIC = NO;
				GCC_NO_COMMON_BLOCKS = YES;
				GCC_OPTIMIZATION_LEVEL = 0;
				GCC_PREPROCESSOR_DEFINITIONS = (
					"DEBUG=1",
					"$(inherited)",
				);
				GCC_WARN_64_TO_32_BIT_CONVERSION = YES;
				GCC_WARN_ABOUT_RETURN_TYPE = YES_ERROR;
				GCC_WARN_UNDECLARED_SELECTOR = YES;
				GCC_WARN_UNINITIALIZED_AUTOS = YES_AGGRESSIVE;
				GCC_WARN_UNUSED_FUNCTION = YES;
				GCC_WARN_UNUSED_VARIABLE = YES;
				IPHONEOS_DEPLOYMENT_TARGET = 11.2;
				MTL_ENABLE_DEBUG_INFO = YES;
				ONLY_ACTIVE_ARCH = YES;
				SDKROOT = iphoneos;
				SWIFT_ACTIVE_COMPILATION_CONDITIONS = DEBUG;
				SWIFT_OPTIMIZATION_LEVEL = "-Onone";
			};
			name = Debug;
		};
		F585B298205EF80B003A81EE /* Release */ = {
			isa = XCBuildConfiguration;
			buildSettings = {
				ALWAYS_SEARCH_USER_PATHS = NO;
				CLANG_ANALYZER_NONNULL = YES;
				CLANG_ANALYZER_NUMBER_OBJECT_CONVERSION = YES_AGGRESSIVE;
				CLANG_CXX_LANGUAGE_STANDARD = "gnu++14";
				CLANG_CXX_LIBRARY = "libc++";
				CLANG_ENABLE_MODULES = YES;
				CLANG_ENABLE_OBJC_ARC = YES;
				CLANG_WARN_BLOCK_CAPTURE_AUTORELEASING = YES;
				CLANG_WARN_BOOL_CONVERSION = YES;
				CLANG_WARN_COMMA = YES;
				CLANG_WARN_CONSTANT_CONVERSION = YES;
				CLANG_WARN_DIRECT_OBJC_ISA_USAGE = YES_ERROR;
				CLANG_WARN_DOCUMENTATION_COMMENTS = YES;
				CLANG_WARN_EMPTY_BODY = YES;
				CLANG_WARN_ENUM_CONVERSION = YES;
				CLANG_WARN_INFINITE_RECURSION = YES;
				CLANG_WARN_INT_CONVERSION = YES;
				CLANG_WARN_NON_LITERAL_NULL_CONVERSION = YES;
				CLANG_WARN_OBJC_LITERAL_CONVERSION = YES;
				CLANG_WARN_OBJC_ROOT_CLASS = YES_ERROR;
				CLANG_WARN_RANGE_LOOP_ANALYSIS = YES;
				CLANG_WARN_STRICT_PROTOTYPES = YES;
				CLANG_WARN_SUSPICIOUS_MOVE = YES;
				CLANG_WARN_UNGUARDED_AVAILABILITY = YES_AGGRESSIVE;
				CLANG_WARN_UNREACHABLE_CODE = YES;
				CLANG_WARN__DUPLICATE_METHOD_MATCH = YES;
				CODE_SIGN_IDENTITY = "iPhone Developer";
				COPY_PHASE_STRIP = NO;
				DEBUG_INFORMATION_FORMAT = "dwarf-with-dsym";
				ENABLE_NS_ASSERTIONS = NO;
				ENABLE_STRICT_OBJC_MSGSEND = YES;
				GCC_C_LANGUAGE_STANDARD = gnu11;
				GCC_NO_COMMON_BLOCKS = YES;
				GCC_WARN_64_TO_32_BIT_CONVERSION = YES;
				GCC_WARN_ABOUT_RETURN_TYPE = YES_ERROR;
				GCC_WARN_UNDECLARED_SELECTOR = YES;
				GCC_WARN_UNINITIALIZED_AUTOS = YES_AGGRESSIVE;
				GCC_WARN_UNUSED_FUNCTION = YES;
				GCC_WARN_UNUSED_VARIABLE = YES;
				IPHONEOS_DEPLOYMENT_TARGET = 11.2;
				MTL_ENABLE_DEBUG_INFO = NO;
				SDKROOT = iphoneos;
				SWIFT_OPTIMIZATION_LEVEL = "-Owholemodule";
				VALIDATE_PRODUCT = YES;
			};
			name = Release;
		};
		F585B29A205EF80B003A81EE /* Debug */ = {
			isa = XCBuildConfiguration;
			buildSettings = {
				ASSETCATALOG_COMPILER_APPICON_NAME = AppIcon;
				CODE_SIGN_STYLE = Automatic;
				INFOPLIST_FILE = Clase_28_AVFoundation_Tarea_2/Info.plist;
				LD_RUNPATH_SEARCH_PATHS = "$(inherited) @executable_path/Frameworks";
				PRODUCT_BUNDLE_IDENTIFIER = "Juanito.Clase-28-AVFoundation-Tarea-2";
				PRODUCT_NAME = "$(TARGET_NAME)";
				SWIFT_VERSION = 4.0;
				TARGETED_DEVICE_FAMILY = "1,2";
			};
			name = Debug;
		};
		F585B29B205EF80B003A81EE /* Release */ = {
			isa = XCBuildConfiguration;
			buildSettings = {
				ASSETCATALOG_COMPILER_APPICON_NAME = AppIcon;
				CODE_SIGN_STYLE = Automatic;
				INFOPLIST_FILE = Clase_28_AVFoundation_Tarea_2/Info.plist;
				LD_RUNPATH_SEARCH_PATHS = "$(inherited) @executable_path/Frameworks";
				PRODUCT_BUNDLE_IDENTIFIER = "Juanito.Clase-28-AVFoundation-Tarea-2";
				PRODUCT_NAME = "$(TARGET_NAME)";
				SWIFT_VERSION = 4.0;
				TARGETED_DEVICE_FAMILY = "1,2";
			};
			name = Release;
		};
/* End XCBuildConfiguration section */

/* Begin XCConfigurationList section */
		F585B282205EF80A003A81EE /* Build configuration list for PBXProject "Clase_28_AVFoundation_Tarea_2" */ = {
			isa = XCConfigurationList;
			buildConfigurations = (
				F585B297205EF80B003A81EE /* Debug */,
				F585B298205EF80B003A81EE /* Release */,
			);
			defaultConfigurationIsVisible = 0;
			defaultConfigurationName = Release;
		};
		F585B299205EF80B003A81EE /* Build configuration list for PBXNativeTarget "Clase_28_AVFoundation_Tarea_2" */ = {
			isa = XCConfigurationList;
			buildConfigurations = (
				F585B29A205EF80B003A81EE /* Debug */,
				F585B29B205EF80B003A81EE /* Release */,
			);
			defaultConfigurationIsVisible = 0;
			defaultConfigurationName = Release;
		};
/* End XCConfigurationList section */
	};
	rootObject = F585B27F205EF80A003A81EE /* Project object */;
}
